
Microsoft Visual Studio Solution File, Format Version 12.00
# Visual Studio Version 17
VisualStudioVersion = 17.12.35707.178
MinimumVisualStudioVersion = 10.0.40219.1
Project("{2150E333-8FDC-42A3-9474-1A3956D46DE8}") = "Apps", "Apps", "{37029653-83BE-40AF-98EB-C8D7260DDF97}"
EndProject
Project("{2150E333-8FDC-42A3-9474-1A3956D46DE8}") = "Libraries", "Libraries", "{87223E69-EE01-447D-9200-5A4F0C4472B8}"
EndProject
Project("{2150E333-8FDC-42A3-9474-1A3956D46DE8}") = "Modules", "Modules", "{767FC4B6-0F2E-41D2-A031-D1799D08288C}"
EndProject
Project("{FAE04EC0-301F-11D3-BF4B-00C04F79EFBC}") = "Sandbox", "Apps\Sandbox\Sandbox.csproj", "{C8F6B766-480D-47B8-960D-56AE01F1D745}"
EndProject
Project("{2150E333-8FDC-42A3-9474-1A3956D46DE8}") = "Documentation", "Documentation", "{E13EFFCB-1BC3-41AC-BD96-E816B4FB3F5D}"
EndProject
Project("{FAE04EC0-301F-11D3-BF4B-00C04F79EFBC}") = "ThePalace.Core", "Libraries\Core\ThePalace.Core.csproj", "{957F2D34-5236-46AF-A517-637D1E5A6555}"
EndProject
Project("{2150E333-8FDC-42A3-9474-1A3956D46DE8}") = "PalaceProtocolRef", "PalaceProtocolRef", "{6E2D5C89-7D49-4DF2-AA66-CDECDB95EE19}"
	ProjectSection(SolutionItems) = preProject
		Documentation\PalaceProtocolRef\Manual.pdf = Documentation\PalaceProtocolRef\Manual.pdf
		Documentation\PalaceProtocolRef\Manual.txt = Documentation\PalaceProtocolRef\Manual.txt
		Documentation\PalaceProtocolRef\Wiki.txt = Documentation\PalaceProtocolRef\Wiki.txt
	EndProjectSection
EndProject
Project("{2150E333-8FDC-42A3-9474-1A3956D46DE8}") = "Iptscrae", "Iptscrae", "{D721B88A-2F58-4105-A421-FD625D1A40DB}"
	ProjectSection(SolutionItems) = preProject
		Documentation\Iptscrae\Manual.pdf = Documentation\Iptscrae\Manual.pdf
		Documentation\Iptscrae\PalaceChat - Extended Scripting.html = Documentation\Iptscrae\PalaceChat - Extended Scripting.html
	EndProjectSection
EndProject
Project("{2150E333-8FDC-42A3-9474-1A3956D46DE8}") = "Client", "Client", "{F07D7382-7249-45C8-A6CE-6E0F13F4523C}"
EndProject
Project("{2150E333-8FDC-42A3-9474-1A3956D46DE8}") = "Server", "Server", "{C0C082D3-62AC-4540-8A84-2CEBA299988D}"
EndProject
Project("{FAE04EC0-301F-11D3-BF4B-00C04F79EFBC}") = "ThePalace.Client.Desktop", "Apps\Client\Desktop\ThePalace.Client.Desktop.csproj", "{DC9BDA86-79A9-49FF-A091-F7840297C316}"
EndProject
Project("{FAE04EC0-301F-11D3-BF4B-00C04F79EFBC}") = "ThePalace.Server.Desktop", "Apps\Server\Desktop\ThePalace.Server.Desktop.csproj", "{DF6F3621-DB92-4532-A700-2AB017356873}"
EndProject
Project("{2150E333-8FDC-42A3-9474-1A3956D46DE8}") = "Storage", "Storage", "{266140D7-E4BE-477F-9ED6-B9DE6250167E}"
EndProject
Project("{2150E333-8FDC-42A3-9474-1A3956D46DE8}") = "Database", "Database", "{AD688A9F-5139-46CE-BCBE-40B813EB5D1E}"
EndProject
Project("{FAE04EC0-301F-11D3-BF4B-00C04F79EFBC}") = "ThePalace.Database.SqliteDbs", "Modules\Database\SqliteDbs\ThePalace.Database.SqliteDbs.csproj", "{34B33899-BE7B-4898-9496-4230E4CA2211}"
EndProject
Project("{FAE04EC0-301F-11D3-BF4B-00C04F79EFBC}") = "ThePalace.Storage.Filesystem", "Modules\Storage\Filesystem\ThePalace.Storage.Filesystem.csproj", "{9B572586-FC8E-4F6D-9E7C-AA9B28575704}"
EndProject
Project("{FAE04EC0-301F-11D3-BF4B-00C04F79EFBC}") = "ThePalace.Server.Headless", "Apps\Server\Headless\ThePalace.Server.Headless.csproj", "{59EFCA7E-9137-4C64-BC32-9E9E6F8BF321}"
EndProject
Project("{FAE04EC0-301F-11D3-BF4B-00C04F79EFBC}") = "ThePalace.Client.Headless", "Apps\Client\Headless\ThePalace.Client.Headless.csproj", "{71973FA3-BCC4-439B-8067-05F6F22B5518}"
EndProject
Project("{2150E333-8FDC-42A3-9474-1A3956D46DE8}") = "Media", "Media", "{287C2C29-2017-49FD-A44B-F4BB682F516D}"
EndProject
Project("{FAE04EC0-301F-11D3-BF4B-00C04F79EFBC}") = "ThePalace.Media.DirectX", "Modules\Media\DirectX\ThePalace.Media.DirectX.csproj", "{6355B878-E3A4-4907-8B7C-8A51E40C38C8}"
EndProject
Project("{FAE04EC0-301F-11D3-BF4B-00C04F79EFBC}") = "ThePalace.Media.GDI+", "Modules\Media\GDI+\ThePalace.Media.GDI+.csproj", "{5B4F9305-3600-4CD9-8B64-5ED2BA62D03F}"
EndProject
Project("{FAE04EC0-301F-11D3-BF4B-00C04F79EFBC}") = "ThePalace.Database.SqlServerDbs", "Modules\Database\SqlServerDbs\ThePalace.Database.SqlServerDbs.csproj", "{4D821E20-3BDA-47EE-905C-10A5ADD5827A}"
EndProject
Project("{FAE04EC0-301F-11D3-BF4B-00C04F79EFBC}") = "ThePalace.Common.Server", "Libraries\Server\ThePalace.Common.Server.csproj", "{49088613-7899-4635-8B64-4F0755A1995F}"
EndProject
Project("{FAE04EC0-301F-11D3-BF4B-00C04F79EFBC}") = "ThePalace.Common.Client", "Libraries\Client\ThePalace.Common.Client.csproj", "{9F435D1B-989B-47EF-A61C-0F2687C32FC3}"
EndProject
Project("{FAE04EC0-301F-11D3-BF4B-00C04F79EFBC}") = "ThePalace.Common.Desktop", "Libraries\Desktop\ThePalace.Common.Desktop.csproj", "{C437A422-90D1-44E1-A793-2A3D056B124A}"
EndProject
Project("{2150E333-8FDC-42A3-9474-1A3956D46DE8}") = "Testing", "Testing", "{C77C71AD-04D7-4465-AA32-B6E614EA2850}"
EndProject
Project("{FAE04EC0-301F-11D3-BF4B-00C04F79EFBC}") = "ThePalace.Logging", "Libraries\Logging\ThePalace.Logging.csproj", "{AB1B1396-B737-43B1-8EE1-E2B350938A1C}"
EndProject
Project("{FAE04EC0-301F-11D3-BF4B-00C04F79EFBC}") = "ThePalace.Network", "Libraries\Network\ThePalace.Network.csproj", "{B3C32E1F-BF28-4974-929F-9C4177A7A6CF}"
EndProject
Global
	GlobalSection(SolutionConfigurationPlatforms) = preSolution
		Debug|Any CPU = Debug|Any CPU
		Release|Any CPU = Release|Any CPU
	EndGlobalSection
	GlobalSection(ProjectConfigurationPlatforms) = postSolution
		{C8F6B766-480D-47B8-960D-56AE01F1D745}.Debug|Any CPU.ActiveCfg = Debug|Any CPU
		{C8F6B766-480D-47B8-960D-56AE01F1D745}.Debug|Any CPU.Build.0 = Debug|Any CPU
		{C8F6B766-480D-47B8-960D-56AE01F1D745}.Release|Any CPU.ActiveCfg = Release|Any CPU
		{C8F6B766-480D-47B8-960D-56AE01F1D745}.Release|Any CPU.Build.0 = Release|Any CPU
		{957F2D34-5236-46AF-A517-637D1E5A6555}.Debug|Any CPU.ActiveCfg = Debug|Any CPU
		{957F2D34-5236-46AF-A517-637D1E5A6555}.Debug|Any CPU.Build.0 = Debug|Any CPU
		{957F2D34-5236-46AF-A517-637D1E5A6555}.Release|Any CPU.ActiveCfg = Release|Any CPU
		{957F2D34-5236-46AF-A517-637D1E5A6555}.Release|Any CPU.Build.0 = Release|Any CPU
		{DC9BDA86-79A9-49FF-A091-F7840297C316}.Debug|Any CPU.ActiveCfg = Debug|Any CPU
		{DC9BDA86-79A9-49FF-A091-F7840297C316}.Debug|Any CPU.Build.0 = Debug|Any CPU
		{DC9BDA86-79A9-49FF-A091-F7840297C316}.Release|Any CPU.ActiveCfg = Release|Any CPU
		{DC9BDA86-79A9-49FF-A091-F7840297C316}.Release|Any CPU.Build.0 = Release|Any CPU
		{DF6F3621-DB92-4532-A700-2AB017356873}.Debug|Any CPU.ActiveCfg = Debug|Any CPU
		{DF6F3621-DB92-4532-A700-2AB017356873}.Debug|Any CPU.Build.0 = Debug|Any CPU
		{DF6F3621-DB92-4532-A700-2AB017356873}.Release|Any CPU.ActiveCfg = Release|Any CPU
		{DF6F3621-DB92-4532-A700-2AB017356873}.Release|Any CPU.Build.0 = Release|Any CPU
		{34B33899-BE7B-4898-9496-4230E4CA2211}.Debug|Any CPU.ActiveCfg = Debug|Any CPU
		{34B33899-BE7B-4898-9496-4230E4CA2211}.Debug|Any CPU.Build.0 = Debug|Any CPU
		{34B33899-BE7B-4898-9496-4230E4CA2211}.Release|Any CPU.ActiveCfg = Release|Any CPU
		{34B33899-BE7B-4898-9496-4230E4CA2211}.Release|Any CPU.Build.0 = Release|Any CPU
		{9B572586-FC8E-4F6D-9E7C-AA9B28575704}.Debug|Any CPU.ActiveCfg = Debug|Any CPU
		{9B572586-FC8E-4F6D-9E7C-AA9B28575704}.Debug|Any CPU.Build.0 = Debug|Any CPU
		{9B572586-FC8E-4F6D-9E7C-AA9B28575704}.Release|Any CPU.ActiveCfg = Release|Any CPU
		{9B572586-FC8E-4F6D-9E7C-AA9B28575704}.Release|Any CPU.Build.0 = Release|Any CPU
		{59EFCA7E-9137-4C64-BC32-9E9E6F8BF321}.Debug|Any CPU.ActiveCfg = Debug|Any CPU
		{59EFCA7E-9137-4C64-BC32-9E9E6F8BF321}.Debug|Any CPU.Build.0 = Debug|Any CPU
		{59EFCA7E-9137-4C64-BC32-9E9E6F8BF321}.Release|Any CPU.ActiveCfg = Release|Any CPU
		{59EFCA7E-9137-4C64-BC32-9E9E6F8BF321}.Release|Any CPU.Build.0 = Release|Any CPU
		{71973FA3-BCC4-439B-8067-05F6F22B5518}.Debug|Any CPU.ActiveCfg = Debug|Any CPU
		{71973FA3-BCC4-439B-8067-05F6F22B5518}.Debug|Any CPU.Build.0 = Debug|Any CPU
		{71973FA3-BCC4-439B-8067-05F6F22B5518}.Release|Any CPU.ActiveCfg = Release|Any CPU
		{71973FA3-BCC4-439B-8067-05F6F22B5518}.Release|Any CPU.Build.0 = Release|Any CPU
		{6355B878-E3A4-4907-8B7C-8A51E40C38C8}.Debug|Any CPU.ActiveCfg = Debug|Any CPU
		{6355B878-E3A4-4907-8B7C-8A51E40C38C8}.Debug|Any CPU.Build.0 = Debug|Any CPU
		{6355B878-E3A4-4907-8B7C-8A51E40C38C8}.Release|Any CPU.ActiveCfg = Release|Any CPU
		{6355B878-E3A4-4907-8B7C-8A51E40C38C8}.Release|Any CPU.Build.0 = Release|Any CPU
		{5B4F9305-3600-4CD9-8B64-5ED2BA62D03F}.Debug|Any CPU.ActiveCfg = Debug|Any CPU
		{5B4F9305-3600-4CD9-8B64-5ED2BA62D03F}.Debug|Any CPU.Build.0 = Debug|Any CPU
		{5B4F9305-3600-4CD9-8B64-5ED2BA62D03F}.Release|Any CPU.ActiveCfg = Release|Any CPU
		{5B4F9305-3600-4CD9-8B64-5ED2BA62D03F}.Release|Any CPU.Build.0 = Release|Any CPU
		{4D821E20-3BDA-47EE-905C-10A5ADD5827A}.Debug|Any CPU.ActiveCfg = Debug|Any CPU
		{4D821E20-3BDA-47EE-905C-10A5ADD5827A}.Debug|Any CPU.Build.0 = Debug|Any CPU
		{4D821E20-3BDA-47EE-905C-10A5ADD5827A}.Release|Any CPU.ActiveCfg = Release|Any CPU
		{4D821E20-3BDA-47EE-905C-10A5ADD5827A}.Release|Any CPU.Build.0 = Release|Any CPU
		{49088613-7899-4635-8B64-4F0755A1995F}.Debug|Any CPU.ActiveCfg = Debug|Any CPU
		{49088613-7899-4635-8B64-4F0755A1995F}.Debug|Any CPU.Build.0 = Debug|Any CPU
		{49088613-7899-4635-8B64-4F0755A1995F}.Release|Any CPU.ActiveCfg = Release|Any CPU
		{49088613-7899-4635-8B64-4F0755A1995F}.Release|Any CPU.Build.0 = Release|Any CPU
		{9F435D1B-989B-47EF-A61C-0F2687C32FC3}.Debug|Any CPU.ActiveCfg = Debug|Any CPU
		{9F435D1B-989B-47EF-A61C-0F2687C32FC3}.Debug|Any CPU.Build.0 = Debug|Any CPU
		{9F435D1B-989B-47EF-A61C-0F2687C32FC3}.Release|Any CPU.ActiveCfg = Release|Any CPU
		{9F435D1B-989B-47EF-A61C-0F2687C32FC3}.Release|Any CPU.Build.0 = Release|Any CPU
		{C437A422-90D1-44E1-A793-2A3D056B124A}.Debug|Any CPU.ActiveCfg = Debug|Any CPU
		{C437A422-90D1-44E1-A793-2A3D056B124A}.Debug|Any CPU.Build.0 = Debug|Any CPU
		{C437A422-90D1-44E1-A793-2A3D056B124A}.Release|Any CPU.ActiveCfg = Release|Any CPU
		{C437A422-90D1-44E1-A793-2A3D056B124A}.Release|Any CPU.Build.0 = Release|Any CPU
		{AB1B1396-B737-43B1-8EE1-E2B350938A1C}.Debug|Any CPU.ActiveCfg = Debug|Any CPU
		{AB1B1396-B737-43B1-8EE1-E2B350938A1C}.Debug|Any CPU.Build.0 = Debug|Any CPU
		{AB1B1396-B737-43B1-8EE1-E2B350938A1C}.Release|Any CPU.ActiveCfg = Release|Any CPU
		{AB1B1396-B737-43B1-8EE1-E2B350938A1C}.Release|Any CPU.Build.0 = Release|Any CPU
		{B3C32E1F-BF28-4974-929F-9C4177A7A6CF}.Debug|Any CPU.ActiveCfg = Debug|Any CPU
		{B3C32E1F-BF28-4974-929F-9C4177A7A6CF}.Debug|Any CPU.Build.0 = Debug|Any CPU
		{B3C32E1F-BF28-4974-929F-9C4177A7A6CF}.Release|Any CPU.ActiveCfg = Release|Any CPU
		{B3C32E1F-BF28-4974-929F-9C4177A7A6CF}.Release|Any CPU.Build.0 = Release|Any CPU
	EndGlobalSection
	GlobalSection(SolutionProperties) = preSolution
		HideSolutionNode = FALSE
	EndGlobalSection
	GlobalSection(NestedProjects) = preSolution
		{C8F6B766-480D-47B8-960D-56AE01F1D745} = {37029653-83BE-40AF-98EB-C8D7260DDF97}
		{957F2D34-5236-46AF-A517-637D1E5A6555} = {87223E69-EE01-447D-9200-5A4F0C4472B8}
		{6E2D5C89-7D49-4DF2-AA66-CDECDB95EE19} = {E13EFFCB-1BC3-41AC-BD96-E816B4FB3F5D}
		{D721B88A-2F58-4105-A421-FD625D1A40DB} = {E13EFFCB-1BC3-41AC-BD96-E816B4FB3F5D}
		{F07D7382-7249-45C8-A6CE-6E0F13F4523C} = {37029653-83BE-40AF-98EB-C8D7260DDF97}
		{C0C082D3-62AC-4540-8A84-2CEBA299988D} = {37029653-83BE-40AF-98EB-C8D7260DDF97}
		{DC9BDA86-79A9-49FF-A091-F7840297C316} = {F07D7382-7249-45C8-A6CE-6E0F13F4523C}
		{DF6F3621-DB92-4532-A700-2AB017356873} = {C0C082D3-62AC-4540-8A84-2CEBA299988D}
		{266140D7-E4BE-477F-9ED6-B9DE6250167E} = {767FC4B6-0F2E-41D2-A031-D1799D08288C}
		{AD688A9F-5139-46CE-BCBE-40B813EB5D1E} = {767FC4B6-0F2E-41D2-A031-D1799D08288C}
		{34B33899-BE7B-4898-9496-4230E4CA2211} = {AD688A9F-5139-46CE-BCBE-40B813EB5D1E}
		{9B572586-FC8E-4F6D-9E7C-AA9B28575704} = {266140D7-E4BE-477F-9ED6-B9DE6250167E}
		{59EFCA7E-9137-4C64-BC32-9E9E6F8BF321} = {C0C082D3-62AC-4540-8A84-2CEBA299988D}
		{71973FA3-BCC4-439B-8067-05F6F22B5518} = {F07D7382-7249-45C8-A6CE-6E0F13F4523C}
		{287C2C29-2017-49FD-A44B-F4BB682F516D} = {767FC4B6-0F2E-41D2-A031-D1799D08288C}
		{6355B878-E3A4-4907-8B7C-8A51E40C38C8} = {287C2C29-2017-49FD-A44B-F4BB682F516D}
		{5B4F9305-3600-4CD9-8B64-5ED2BA62D03F} = {287C2C29-2017-49FD-A44B-F4BB682F516D}
		{4D821E20-3BDA-47EE-905C-10A5ADD5827A} = {AD688A9F-5139-46CE-BCBE-40B813EB5D1E}
		{49088613-7899-4635-8B64-4F0755A1995F} = {87223E69-EE01-447D-9200-5A4F0C4472B8}
		{9F435D1B-989B-47EF-A61C-0F2687C32FC3} = {87223E69-EE01-447D-9200-5A4F0C4472B8}
		{C437A422-90D1-44E1-A793-2A3D056B124A} = {87223E69-EE01-447D-9200-5A4F0C4472B8}
		{AB1B1396-B737-43B1-8EE1-E2B350938A1C} = {87223E69-EE01-447D-9200-5A4F0C4472B8}
		{B3C32E1F-BF28-4974-929F-9C4177A7A6CF} = {87223E69-EE01-447D-9200-5A4F0C4472B8}
	EndGlobalSection
EndGlobal
